PODS:
  - audioplayers_darwin (0.0.1):
    - FlutterMacOS
  - cloud_firestore (4.4.5):
    - Firebase/CoreOnly (~> 10.6.0)
    - Firebase/Firestore (~> 10.6.0)
    - firebase_core
    - FlutterMacOS
    - nanopb (< 2.30910.0, >= 2.30908.0)
  - dynamic_color (0.0.2):
    - FlutterMacOS
  - Firebase/Analytics (10.6.0):
    - Firebase/Core
  - Firebase/AppCheck (10.6.0):
    - Firebase/CoreOnly
    - FirebaseAppCheck (~> 10.6.0)
  - Firebase/Auth (10.6.0):
    - Firebase/CoreOnly
    - FirebaseAuth (~> 10.6.0)
  - Firebase/Core (10.6.0):
    - Firebase/CoreOnly
    - FirebaseAnalytics (~> 10.6.0)
  - Firebase/CoreOnly (10.6.0):
    - FirebaseCore (= 10.6.0)
  - Firebase/Crashlytics (10.6.0):
    - Firebase/CoreOnly
    - FirebaseCrashlytics (~> 10.6.0)
  - Firebase/Firestore (10.6.0):
    - Firebase/CoreOnly
    - FirebaseFirestore (~> 10.6.0)
  - Firebase/Messaging (10.6.0):
    - Firebase/CoreOnly
    - FirebaseMessaging (~> 10.6.0)
  - Firebase/RemoteConfig (10.6.0):
    - Firebase/CoreOnly
    - FirebaseRemoteConfig (~> 10.6.0)
  - Firebase/Storage (10.6.0):
    - Firebase/CoreOnly
    - FirebaseStorage (~> 10.6.0)
  - firebase_analytics (10.1.6):
    - Firebase/Analytics (= 10.6.0)
    - firebase_core
    - FlutterMacOS
  - firebase_app_check (0.1.1-14):
    - Firebase/AppCheck (~> 10.6.0)
    - Firebase/CoreOnly (~> 10.6.0)
    - firebase_core
    - FlutterMacOS
  - firebase_auth (4.3.0):
    - Firebase/Auth (~> 10.6.0)
    - Firebase/CoreOnly (~> 10.6.0)
    - firebase_core
    - FlutterMacOS
  - firebase_core (2.8.0):
    - Firebase/CoreOnly (~> 10.6.0)
    - FlutterMacOS
  - firebase_crashlytics (3.0.17):
    - Firebase/CoreOnly (~> 10.6.0)
    - Firebase/Crashlytics (~> 10.6.0)
    - firebase_core
    - FlutterMacOS
  - firebase_messaging (14.3.0):
    - Firebase/CoreOnly (~> 10.6.0)
    - Firebase/Messaging (~> 10.6.0)
    - firebase_core
    - FlutterMacOS
  - firebase_remote_config (3.0.15):
    - Firebase/CoreOnly (~> 10.6.0)
    - Firebase/RemoteConfig (~> 10.6.0)
    - firebase_core
    - FlutterMacOS
  - firebase_storage (11.0.16):
    - Firebase/CoreOnly (~> 10.6.0)
    - Firebase/Storage (~> 10.6.0)
    - firebase_core
    - FlutterMacOS
  - FirebaseABTesting (10.7.0):
    - FirebaseCore (~> 10.0)
  - FirebaseAnalytics (10.6.0):
    - FirebaseAnalytics/AdIdSupport (= 10.6.0)
    - FirebaseCore (~> 10.0)
    - FirebaseInstallations (~> 10.0)
    - GoogleUtilities/AppDelegateSwizzler (~> 7.8)
    - GoogleUtilities/MethodSwizzler (~> 7.8)
    - GoogleUtilities/Network (~> 7.8)
    - "GoogleUtilities/NSData+zlib (~> 7.8)"
    - nanopb (< 2.30910.0, >= 2.30908.0)
  - FirebaseAnalytics/AdIdSupport (10.6.0):
    - FirebaseCore (~> 10.0)
    - FirebaseInstallations (~> 10.0)
    - GoogleAppMeasurement (= 10.6.0)
    - GoogleUtilities/AppDelegateSwizzler (~> 7.8)
    - GoogleUtilities/MethodSwizzler (~> 7.8)
    - GoogleUtilities/Network (~> 7.8)
    - "GoogleUtilities/NSData+zlib (~> 7.8)"
    - nanopb (< 2.30910.0, >= 2.30908.0)
  - FirebaseAppCheck (10.6.0):
    - FirebaseCore (~> 10.0)
    - GoogleUtilities/Environment (~> 7.8)
    - PromisesObjC (~> 2.1)
  - FirebaseAppCheckInterop (10.7.0)
  - FirebaseAuth (10.6.0):
    - FirebaseCore (~> 10.0)
    - GoogleUtilities/AppDelegateSwizzler (~> 7.8)
    - GoogleUtilities/Environment (~> 7.8)
    - GTMSessionFetcher/Core (< 4.0, >= 2.1)
  - FirebaseAuthInterop (10.7.0)
  - FirebaseCore (10.6.0):
    - FirebaseCoreInternal (~> 10.0)
    - GoogleUtilities/Environment (~> 7.8)
    - GoogleUtilities/Logger (~> 7.8)
  - FirebaseCoreExtension (10.7.0):
    - FirebaseCore (~> 10.0)
  - FirebaseCoreInternal (10.7.0):
    - "GoogleUtilities/NSData+zlib (~> 7.8)"
  - FirebaseCrashlytics (10.6.0):
    - FirebaseCore (~> 10.5)
    - FirebaseInstallations (~> 10.0)
    - FirebaseSessions (~> 10.5)
    - GoogleDataTransport (~> 9.2)
    - GoogleUtilities/Environment (~> 7.8)
    - nanopb (< 2.30910.0, >= 2.30908.0)
    - PromisesObjC (~> 2.1)
  - FirebaseFirestore (10.6.0):
    - FirebaseFirestore/AutodetectLeveldb (= 10.6.0)
  - FirebaseFirestore/AutodetectLeveldb (10.6.0):
    - FirebaseFirestore/Base
    - FirebaseFirestore/WithLeveldb
  - FirebaseFirestore/Base (10.6.0)
  - FirebaseFirestore/WithLeveldb (10.6.0):
    - FirebaseFirestore/Base
  - FirebaseInstallations (10.7.0):
    - FirebaseCore (~> 10.0)
    - GoogleUtilities/Environment (~> 7.8)
    - GoogleUtilities/UserDefaults (~> 7.8)
    - PromisesObjC (~> 2.1)
  - FirebaseMessaging (10.6.0):
    - FirebaseCore (~> 10.0)
    - FirebaseInstallations (~> 10.0)
    - GoogleDataTransport (~> 9.2)
    - GoogleUtilities/AppDelegateSwizzler (~> 7.8)
    - GoogleUtilities/Environment (~> 7.8)
    - GoogleUtilities/Reachability (~> 7.8)
    - GoogleUtilities/UserDefaults (~> 7.8)
    - nanopb (< 2.30910.0, >= 2.30908.0)
  - FirebaseRemoteConfig (10.6.0):
    - FirebaseABTesting (~> 10.0)
    - FirebaseCore (~> 10.0)
    - FirebaseInstallations (~> 10.0)
    - GoogleUtilities/Environment (~> 7.8)
    - "GoogleUtilities/NSData+zlib (~> 7.8)"
  - FirebaseSessions (10.7.0):
    - FirebaseCore (~> 10.5)
    - FirebaseCoreExtension (~> 10.0)
    - FirebaseInstallations (~> 10.0)
    - GoogleDataTransport (~> 9.2)
    - GoogleUtilities/Environment (~> 7.10)
    - nanopb (< 2.30910.0, >= 2.30908.0)
    - PromisesSwift (~> 2.1)
  - FirebaseStorage (10.6.0):
    - FirebaseAppCheckInterop (~> 10.0)
    - FirebaseAuthInterop (~> 10.0)
    - FirebaseCore (~> 10.0)
    - FirebaseCoreExtension (~> 10.0)
    - GTMSessionFetcher/Core (< 4.0, >= 2.1)
  - flutter_tts (0.0.1):
    - FlutterMacOS
  - FlutterMacOS (1.0.0)
  - GoogleAppMeasurement (10.6.0):
    - GoogleAppMeasurement/AdIdSupport (= 10.6.0)
    - GoogleUtilities/AppDelegateSwizzler (~> 7.8)
    - GoogleUtilities/MethodSwizzler (~> 7.8)
    - GoogleUtilities/Network (~> 7.8)
    - "GoogleUtilities/NSData+zlib (~> 7.8)"
    - nanopb (< 2.30910.0, >= 2.30908.0)
  - GoogleAppMeasurement/AdIdSupport (10.6.0):
    - GoogleAppMeasurement/WithoutAdIdSupport (= 10.6.0)
    - GoogleUtilities/AppDelegateSwizzler (~> 7.8)
    - GoogleUtilities/MethodSwizzler (~> 7.8)
    - GoogleUtilities/Network (~> 7.8)
    - "GoogleUtilities/NSData+zlib (~> 7.8)"
    - nanopb (< 2.30910.0, >= 2.30908.0)
  - GoogleAppMeasurement/WithoutAdIdSupport (10.6.0):
    - GoogleUtilities/AppDelegateSwizzler (~> 7.8)
    - GoogleUtilities/MethodSwizzler (~> 7.8)
    - GoogleUtilities/Network (~> 7.8)
    - "GoogleUtilities/NSData+zlib (~> 7.8)"
    - nanopb (< 2.30910.0, >= 2.30908.0)
  - GoogleDataTransport (9.2.1):
    - GoogleUtilities/Environment (~> 7.7)
    - nanopb (< 2.30910.0, >= 2.30908.0)
    - PromisesObjC (< 3.0, >= 1.2)
  - GoogleUtilities/AppDelegateSwizzler (7.11.0):
    - GoogleUtilities/Environment
    - GoogleUtilities/Logger
    - GoogleUtilities/Network
  - GoogleUtilities/Environment (7.11.0):
    - PromisesObjC (< 3.0, >= 1.2)
  - GoogleUtilities/Logger (7.11.0):
    - GoogleUtilities/Environment
  - GoogleUtilities/MethodSwizzler (7.11.0):
    - GoogleUtilities/Logger
  - GoogleUtilities/Network (7.11.0):
    - GoogleUtilities/Logger
    - "GoogleUtilities/NSData+zlib"
    - GoogleUtilities/Reachability
  - "GoogleUtilities/NSData+zlib (7.11.0)"
  - GoogleUtilities/Reachability (7.11.0):
    - GoogleUtilities/Logger
  - GoogleUtilities/UserDefaults (7.11.0):
    - GoogleUtilities/Logger
  - GTMSessionFetcher/Core (3.1.0)
  - macos_ui (0.1.0):
    - FlutterMacOS
  - nanopb (2.30909.0):
    - nanopb/decode (= 2.30909.0)
    - nanopb/encode (= 2.30909.0)
  - nanopb/decode (2.30909.0)
  - nanopb/encode (2.30909.0)
  - path_provider_foundation (0.0.1):
    - Flutter
    - FlutterMacOS
  - PromisesObjC (2.2.0)
  - PromisesSwift (2.2.0):
    - PromisesObjC (= 2.2.0)
  - url_launcher_macos (0.0.1):
    - FlutterMacOS

DEPENDENCIES:
  - audioplayers_darwin (from `Flutter/ephemeral/.symlinks/plugins/audioplayers_darwin/macos`)
  - cloud_firestore (from `Flutter/ephemeral/.symlinks/plugins/cloud_firestore/macos`)
  - dynamic_color (from `Flutter/ephemeral/.symlinks/plugins/dynamic_color/macos`)
  - firebase_analytics (from `Flutter/ephemeral/.symlinks/plugins/firebase_analytics/macos`)
  - firebase_app_check (from `Flutter/ephemeral/.symlinks/plugins/firebase_app_check/macos`)
  - firebase_auth (from `Flutter/ephemeral/.symlinks/plugins/firebase_auth/macos`)
  - firebase_core (from `Flutter/ephemeral/.symlinks/plugins/firebase_core/macos`)
  - firebase_crashlytics (from `Flutter/ephemeral/.symlinks/plugins/firebase_crashlytics/macos`)
  - firebase_messaging (from `Flutter/ephemeral/.symlinks/plugins/firebase_messaging/macos`)
  - firebase_remote_config (from `Flutter/ephemeral/.symlinks/plugins/firebase_remote_config/macos`)
  - firebase_storage (from `Flutter/ephemeral/.symlinks/plugins/firebase_storage/macos`)
  - FirebaseFirestore (from `https://github.com/invertase/firestore-ios-sdk-frameworks.git`, tag `10.6.0`)
  - flutter_tts (from `Flutter/ephemeral/.symlinks/plugins/flutter_tts/macos`)
  - FlutterMacOS (from `Flutter/ephemeral`)
  - macos_ui (from `Flutter/ephemeral/.symlinks/plugins/macos_ui/macos`)
  - path_provider_foundation (from `Flutter/ephemeral/.symlinks/plugins/path_provider_foundation/macos`)
  - url_launcher_macos (from `Flutter/ephemeral/.symlinks/plugins/url_launcher_macos/macos`)

SPEC REPOS:
  trunk:
    - Firebase
    - FirebaseABTesting
    - FirebaseAnalytics
    - FirebaseAppCheck
    - FirebaseAppCheckInterop
    - FirebaseAuth
    - FirebaseAuthInterop
    - FirebaseCore
    - FirebaseCoreExtension
    - FirebaseCoreInternal
    - FirebaseCrashlytics
    - FirebaseInstallations
    - FirebaseMessaging
    - FirebaseRemoteConfig
    - FirebaseSessions
    - FirebaseStorage
    - GoogleAppMeasurement
    - GoogleDataTransport
    - GoogleUtilities
    - GTMSessionFetcher
    - nanopb
    - PromisesObjC
    - PromisesSwift

EXTERNAL SOURCES:
  audioplayers_darwin:
    :path: Flutter/ephemeral/.symlinks/plugins/audioplayers_darwin/macos
  cloud_firestore:
    :path: Flutter/ephemeral/.symlinks/plugins/cloud_firestore/macos
  dynamic_color:
    :path: Flutter/ephemeral/.symlinks/plugins/dynamic_color/macos
  firebase_analytics:
    :path: Flutter/ephemeral/.symlinks/plugins/firebase_analytics/macos
  firebase_app_check:
    :path: Flutter/ephemeral/.symlinks/plugins/firebase_app_check/macos
  firebase_auth:
    :path: Flutter/ephemeral/.symlinks/plugins/firebase_auth/macos
  firebase_core:
    :path: Flutter/ephemeral/.symlinks/plugins/firebase_core/macos
  firebase_crashlytics:
    :path: Flutter/ephemeral/.symlinks/plugins/firebase_crashlytics/macos
  firebase_messaging:
    :path: Flutter/ephemeral/.symlinks/plugins/firebase_messaging/macos
  firebase_remote_config:
    :path: Flutter/ephemeral/.symlinks/plugins/firebase_remote_config/macos
  firebase_storage:
    :path: Flutter/ephemeral/.symlinks/plugins/firebase_storage/macos
  FirebaseFirestore:
    :git: https://github.com/invertase/firestore-ios-sdk-frameworks.git
    :tag: 10.6.0
  flutter_tts:
    :path: Flutter/ephemeral/.symlinks/plugins/flutter_tts/macos
  FlutterMacOS:
    :path: Flutter/ephemeral
  macos_ui:
    :path: Flutter/ephemeral/.symlinks/plugins/macos_ui/macos
  path_provider_foundation:
    :path: Flutter/ephemeral/.symlinks/plugins/path_provider_foundation/macos
  url_launcher_macos:
    :path: Flutter/ephemeral/.symlinks/plugins/url_launcher_macos/macos

CHECKOUT OPTIONS:
  FirebaseFirestore:
    :git: https://github.com/invertase/firestore-ios-sdk-frameworks.git
    :tag: 10.6.0

SPEC CHECKSUMS:
  audioplayers_darwin: dcad41de4fbd0099cb3749f7ab3b0cb8f70b810c
  cloud_firestore: 7bbdda350c1321dcb0a61e51e459570a30fd2e9b
  dynamic_color: 2eaa27267de1ca20d879fbd6e01259773fb1670f
  Firebase: f13680471b021937f2230ea8503c7809d8c29806
  firebase_analytics: d1aaf3b66b6e99d6fa1fb3f5e6e7a71268552ace
  firebase_app_check: 59d1adea801e13781d5cd01bc85e38bea41be860
  firebase_auth: 9d146af17c628df131fb0c962abba4685a0afb78
  firebase_core: 7cad6afc6d420690c239021131b133b3920d092e
  firebase_crashlytics: c00d527a42c5957d16f0da35d5b424a0ee7ab2d3
  firebase_messaging: a91fe8e3a431f404fe045e080d89c3e0d5155af0
  firebase_remote_config: 7a9085f70f9a7e670e1757a44485a9d8a681a368
  firebase_storage: 5a92eae1392b7641523434ef8c9863410f18b31b
  FirebaseABTesting: 76c8297fd026074e0366dc941d265d1be80a56d5
  FirebaseAnalytics: 9f382605c5ee412b039212f054bf7a403d9850c1
  FirebaseAppCheck: 3977b20650f45cc5f67704044e5c5e925e933c20
  FirebaseAppCheckInterop: 8e907eea79958960a8bd2058e067f31e03a7914b
  FirebaseAuth: 743e5cd568af59d6d99a91ea9300843672515cf7
  FirebaseAuthInterop: 46201190fe90ef1f581513eb0f9fa3d7820e7d6d
  FirebaseCore: fa80ad16a62d52f67274b5b88304c3a318bbf9a4
  FirebaseCoreExtension: f17247ba8c61e4d3c8d136b5e2de3cb4ac6a85b6
  FirebaseCoreInternal: 8845798510aae74703467480f71ac613788d0696
  FirebaseCrashlytics: ede07e7f433a0a2270112baf2d156b111cfb422d
  FirebaseFirestore: 51fc2e7a71c0b9fe263ccb56a4e996eab4b4d077
  FirebaseInstallations: 59c0e4c7a816a0f76710d83f77e5369b3e45eb96
  FirebaseMessaging: fd93783258c53ae5cdb9b41bf0c51606a677f2d5
  FirebaseRemoteConfig: 7ef4dd164f3066c64ca1efab0f990152a6b94fc0
  FirebaseSessions: 34e5c084da010ef3802cbc062b822e513c9e6318
  FirebaseStorage: 10d4f43a4ef98e7554da72197ad52216686ea990
  flutter_tts: 64651204e5d276ffea5a910f942d5e9785a96085
  FlutterMacOS: 8f6f14fa908a6fb3fba0cd85dbd81ec4b251fb24
  GoogleAppMeasurement: 686b48c3c895f3c55c70719041913d5d150b74f6
  GoogleDataTransport: ea169759df570f4e37bdee1623ec32a7e64e67c4
  GoogleUtilities: c2bdc4cf2ce786c4d2e6b3bcfd599a25ca78f06f
  GTMSessionFetcher: c9e714f7eec91a55641e2bab9f45fd83a219b882
  macos_ui: 6229a8922cd97bafb7d9636c8eb8dfb0744183ca
  nanopb: b552cce312b6c8484180ef47159bc0f65a1f0431
  path_provider_foundation: c68054786f1b4f3343858c1e1d0caaded73f0be9
  PromisesObjC: 09985d6d70fbe7878040aa746d78236e6946d2ef
  PromisesSwift: cf9eb58666a43bbe007302226e510b16c1e10959
  url_launcher_macos: 5335912b679c073563f29d89d33d10d459f95451

PODFILE CHECKSUM: 4ddf1820d1e552fc470a40576402b8e97750c6b6

COCOAPODS: 1.12.0
