PODS:
  - audioplayers_darwin (0.0.1):
    - Flutter
  - cloud_firestore (3.4.4):
    - Firebase/Firestore (= 9.3.0)
    - firebase_core
    - Flutter
  - Firebase/Analytics (9.3.0):
    - Firebase/Core
  - Firebase/Auth (9.3.0):
    - Firebase/CoreOnly
    - FirebaseAuth (~> 9.3.0)
  - Firebase/Core (9.3.0):
    - Firebase/CoreOnly
    - FirebaseAnalytics (~> 9.3.0)
  - Firebase/CoreOnly (9.3.0):
    - FirebaseCore (= 9.3.0)
  - Firebase/Crashlytics (9.3.0):
    - Firebase/CoreOnly
    - FirebaseCrashlytics (~> 9.3.0)
  - Firebase/DynamicLinks (9.3.0):
    - Firebase/CoreOnly
    - FirebaseDynamicLinks (~> 9.3.0)
  - Firebase/Firestore (9.3.0):
    - Firebase/CoreOnly
    - FirebaseFirestore (~> 9.3.0)
  - Firebase/InAppMessaging (9.3.0):
    - Firebase/CoreOnly
    - FirebaseInAppMessaging (~> 9.3.0-beta)
  - Firebase/Messaging (9.3.0):
    - Firebase/CoreOnly
    - FirebaseMessaging (~> 9.3.0)
  - Firebase/Performance (9.3.0):
    - Firebase/CoreOnly
    - FirebasePerformance (~> 9.3.0)
  - Firebase/RemoteConfig (9.3.0):
    - Firebase/CoreOnly
    - FirebaseRemoteConfig (~> 9.3.0)
  - Firebase/Storage (9.3.0):
    - Firebase/CoreOnly
    - FirebaseStorage (~> 9.3.0)
  - firebase_analytics (9.3.1):
    - Firebase/Analytics (= 9.3.0)
    - firebase_core
    - Flutter
  - firebase_app_check (0.0.6-19):
    - Firebase/CoreOnly (~> 9.3.0)
    - firebase_core
    - FirebaseAppCheck (~> 9.3.0-beta)
    - Flutter
  - firebase_auth (3.6.3):
    - Firebase/Auth (= 9.3.0)
    - firebase_core
    - Flutter
  - firebase_core (1.20.1):
    - Firebase/CoreOnly (= 9.3.0)
    - Flutter
  - firebase_crashlytics (2.8.7):
    - Firebase/Crashlytics (= 9.3.0)
    - firebase_core
    - Flutter
  - firebase_dynamic_links (4.3.4):
    - Firebase/DynamicLinks (= 9.3.0)
    - firebase_core
    - Flutter
  - firebase_in_app_messaging (0.6.0-21):
    - Firebase/InAppMessaging (= 9.3.0)
    - firebase_core
    - Flutter
  - firebase_messaging (12.0.2):
    - Firebase/Messaging (= 9.3.0)
    - firebase_core
    - Flutter
  - firebase_performance (0.8.2-2):
    - Firebase/Performance (= 9.3.0)
    - firebase_core
    - Flutter
  - firebase_remote_config (2.0.14):
    - Firebase/RemoteConfig (= 9.3.0)
    - firebase_core
    - Flutter
  - firebase_storage (10.3.5):
    - Firebase/Storage (= 9.3.0)
    - firebase_core
    - Flutter
  - FirebaseABTesting (9.4.0):
    - FirebaseCore (~> 9.0)
  - FirebaseAnalytics (9.3.0):
    - FirebaseAnalytics/AdIdSupport (= 9.3.0)
    - FirebaseCore (~> 9.0)
    - FirebaseInstallations (~> 9.0)
    - GoogleUtilities/AppDelegateSwizzler (~> 7.7)
    - GoogleUtilities/MethodSwizzler (~> 7.7)
    - GoogleUtilities/Network (~> 7.7)
    - "GoogleUtilities/NSData+zlib (~> 7.7)"
    - nanopb (< 2.30910.0, >= 2.30908.0)
  - FirebaseAnalytics/AdIdSupport (9.3.0):
    - FirebaseCore (~> 9.0)
    - FirebaseInstallations (~> 9.0)
    - GoogleAppMeasurement (= 9.3.0)
    - GoogleUtilities/AppDelegateSwizzler (~> 7.7)
    - GoogleUtilities/MethodSwizzler (~> 7.7)
    - GoogleUtilities/Network (~> 7.7)
    - "GoogleUtilities/NSData+zlib (~> 7.7)"
    - nanopb (< 2.30910.0, >= 2.30908.0)
  - FirebaseAppCheck (9.3.0):
    - FirebaseCore (~> 9.0)
    - GoogleUtilities/Environment (~> 7.7)
    - PromisesObjC (~> 2.1)
  - FirebaseAppCheckInterop (9.4.0)
  - FirebaseAuth (9.3.0):
    - FirebaseCore (~> 9.0)
    - GoogleUtilities/AppDelegateSwizzler (~> 7.7)
    - GoogleUtilities/Environment (~> 7.7)
    - GTMSessionFetcher/Core (< 3.0, >= 1.7)
  - FirebaseAuthInterop (9.4.0)
  - FirebaseCore (9.3.0):
    - FirebaseCoreDiagnostics (~> 9.0)
    - FirebaseCoreInternal (~> 9.0)
    - GoogleUtilities/Environment (~> 7.7)
    - GoogleUtilities/Logger (~> 7.7)
  - FirebaseCoreDiagnostics (9.4.0):
    - GoogleDataTransport (< 10.0.0, >= 9.1.4)
    - GoogleUtilities/Environment (~> 7.7)
    - GoogleUtilities/Logger (~> 7.7)
    - nanopb (< 2.30910.0, >= 2.30908.0)
  - FirebaseCoreExtension (9.4.0):
    - FirebaseCore (~> 9.0)
  - FirebaseCoreInternal (9.4.0):
    - "GoogleUtilities/NSData+zlib (~> 7.7)"
  - FirebaseCrashlytics (9.3.0):
    - FirebaseCore (~> 9.0)
    - FirebaseInstallations (~> 9.0)
    - GoogleDataTransport (< 10.0.0, >= 9.1.4)
    - GoogleUtilities/Environment (~> 7.7)
    - nanopb (< 2.30910.0, >= 2.30908.0)
    - PromisesObjC (~> 2.1)
  - FirebaseDynamicLinks (9.3.0):
    - FirebaseCore (~> 9.0)
  - FirebaseFirestore (9.3.0):
    - FirebaseFirestore/AutodetectLeveldb (= 9.3.0)
  - FirebaseFirestore/AutodetectLeveldb (9.3.0):
    - FirebaseFirestore/Base
    - FirebaseFirestore/WithLeveldb
  - FirebaseFirestore/Base (9.3.0)
  - FirebaseFirestore/WithLeveldb (9.3.0):
    - FirebaseFirestore/Base
  - FirebaseInAppMessaging (9.3.0-beta):
    - FirebaseABTesting (~> 9.0)
    - FirebaseCore (~> 9.0)
    - FirebaseInstallations (~> 9.0)
    - GoogleUtilities/Environment (~> 7.7)
    - nanopb (< 2.30910.0, >= 2.30908.0)
  - FirebaseInstallations (9.4.0):
    - FirebaseCore (~> 9.0)
    - GoogleUtilities/Environment (~> 7.7)
    - GoogleUtilities/UserDefaults (~> 7.7)
    - PromisesObjC (~> 2.1)
  - FirebaseMessaging (9.3.0):
    - FirebaseCore (~> 9.0)
    - FirebaseInstallations (~> 9.0)
    - GoogleDataTransport (< 10.0.0, >= 9.1.4)
    - GoogleUtilities/AppDelegateSwizzler (~> 7.7)
    - GoogleUtilities/Environment (~> 7.7)
    - GoogleUtilities/Reachability (~> 7.7)
    - GoogleUtilities/UserDefaults (~> 7.7)
    - nanopb (< 2.30910.0, >= 2.30908.0)
  - FirebasePerformance (9.3.0):
    - FirebaseCore (~> 9.0)
    - FirebaseInstallations (~> 9.0)
    - FirebaseRemoteConfig (~> 9.0)
    - GoogleDataTransport (< 10.0.0, >= 9.1.4)
    - GoogleUtilities/Environment (~> 7.7)
    - GoogleUtilities/ISASwizzler (~> 7.7)
    - GoogleUtilities/MethodSwizzler (~> 7.7)
    - nanopb (< 2.30910.0, >= 2.30908.0)
  - FirebaseRemoteConfig (9.3.0):
    - FirebaseABTesting (~> 9.0)
    - FirebaseCore (~> 9.0)
    - FirebaseInstallations (~> 9.0)
    - GoogleUtilities/Environment (~> 7.7)
    - "GoogleUtilities/NSData+zlib (~> 7.7)"
  - FirebaseStorage (9.3.0):
    - FirebaseAppCheckInterop (~> 9.0)
    - FirebaseAuthInterop (~> 9.0)
    - FirebaseCore (~> 9.0)
    - FirebaseCoreExtension (~> 9.0)
    - FirebaseStorageInternal (~> 9.0)
  - FirebaseStorageInternal (9.4.0):
    - FirebaseCore (~> 9.0)
    - GTMSessionFetcher/Core (< 3.0, >= 1.7)
  - Flutter (1.0.0)
  - flutter_tts (0.0.1):
    - Flutter
  - GoogleAppMeasurement (9.3.0):
    - GoogleAppMeasurement/AdIdSupport (= 9.3.0)
    - GoogleUtilities/AppDelegateSwizzler (~> 7.7)
    - GoogleUtilities/MethodSwizzler (~> 7.7)
    - GoogleUtilities/Network (~> 7.7)
    - "GoogleUtilities/NSData+zlib (~> 7.7)"
    - nanopb (< 2.30910.0, >= 2.30908.0)
  - GoogleAppMeasurement/AdIdSupport (9.3.0):
    - GoogleAppMeasurement/WithoutAdIdSupport (= 9.3.0)
    - GoogleUtilities/AppDelegateSwizzler (~> 7.7)
    - GoogleUtilities/MethodSwizzler (~> 7.7)
    - GoogleUtilities/Network (~> 7.7)
    - "GoogleUtilities/NSData+zlib (~> 7.7)"
    - nanopb (< 2.30910.0, >= 2.30908.0)
  - GoogleAppMeasurement/WithoutAdIdSupport (9.3.0):
    - GoogleUtilities/AppDelegateSwizzler (~> 7.7)
    - GoogleUtilities/MethodSwizzler (~> 7.7)
    - GoogleUtilities/Network (~> 7.7)
    - "GoogleUtilities/NSData+zlib (~> 7.7)"
    - nanopb (< 2.30910.0, >= 2.30908.0)
  - GoogleDataTransport (9.2.0):
    - GoogleUtilities/Environment (~> 7.7)
    - nanopb (< 2.30910.0, >= 2.30908.0)
    - PromisesObjC (< 3.0, >= 1.2)
  - GoogleUtilities/AppDelegateSwizzler (7.7.0):
    - GoogleUtilities/Environment
    - GoogleUtilities/Logger
    - GoogleUtilities/Network
  - GoogleUtilities/Environment (7.7.0):
    - PromisesObjC (< 3.0, >= 1.2)
  - GoogleUtilities/ISASwizzler (7.7.0)
  - GoogleUtilities/Logger (7.7.0):
    - GoogleUtilities/Environment
  - GoogleUtilities/MethodSwizzler (7.7.0):
    - GoogleUtilities/Logger
  - GoogleUtilities/Network (7.7.0):
    - GoogleUtilities/Logger
    - "GoogleUtilities/NSData+zlib"
    - GoogleUtilities/Reachability
  - "GoogleUtilities/NSData+zlib (7.7.0)"
  - GoogleUtilities/Reachability (7.7.0):
    - GoogleUtilities/Logger
  - GoogleUtilities/UserDefaults (7.7.0):
    - GoogleUtilities/Logger
  - GTMSessionFetcher/Core (2.0.0)
  - image_picker_ios (0.0.1):
    - Flutter
  - mono_kit (0.0.1):
    - Flutter
  - nanopb (2.30909.0):
    - nanopb/decode (= 2.30909.0)
    - nanopb/encode (= 2.30909.0)
  - nanopb/decode (2.30909.0)
  - nanopb/encode (2.30909.0)
  - path_provider_ios (0.0.1):
    - Flutter
  - PromisesObjC (2.1.1)
  - url_launcher_ios (0.0.1):
    - Flutter

DEPENDENCIES:
  - audioplayers_darwin (from `.symlinks/plugins/audioplayers_darwin/ios`)
  - cloud_firestore (from `.symlinks/plugins/cloud_firestore/ios`)
  - firebase_analytics (from `.symlinks/plugins/firebase_analytics/ios`)
  - firebase_app_check (from `.symlinks/plugins/firebase_app_check/ios`)
  - firebase_auth (from `.symlinks/plugins/firebase_auth/ios`)
  - firebase_core (from `.symlinks/plugins/firebase_core/ios`)
  - firebase_crashlytics (from `.symlinks/plugins/firebase_crashlytics/ios`)
  - firebase_dynamic_links (from `.symlinks/plugins/firebase_dynamic_links/ios`)
  - firebase_in_app_messaging (from `.symlinks/plugins/firebase_in_app_messaging/ios`)
  - firebase_messaging (from `.symlinks/plugins/firebase_messaging/ios`)
  - firebase_performance (from `.symlinks/plugins/firebase_performance/ios`)
  - firebase_remote_config (from `.symlinks/plugins/firebase_remote_config/ios`)
  - firebase_storage (from `.symlinks/plugins/firebase_storage/ios`)
  - FirebaseFirestore (from `https://github.com/invertase/firestore-ios-sdk-frameworks.git`, tag `9.3.0`)
  - Flutter (from `Flutter`)
  - flutter_tts (from `.symlinks/plugins/flutter_tts/ios`)
  - image_picker_ios (from `.symlinks/plugins/image_picker_ios/ios`)
  - mono_kit (from `.symlinks/plugins/mono_kit/ios`)
  - path_provider_ios (from `.symlinks/plugins/path_provider_ios/ios`)
  - url_launcher_ios (from `.symlinks/plugins/url_launcher_ios/ios`)

SPEC REPOS:
  trunk:
    - Firebase
    - FirebaseABTesting
    - FirebaseAnalytics
    - FirebaseAppCheck
    - FirebaseAppCheckInterop
    - FirebaseAuth
    - FirebaseAuthInterop
    - FirebaseCore
    - FirebaseCoreDiagnostics
    - FirebaseCoreExtension
    - FirebaseCoreInternal
    - FirebaseCrashlytics
    - FirebaseDynamicLinks
    - FirebaseInAppMessaging
    - FirebaseInstallations
    - FirebaseMessaging
    - FirebasePerformance
    - FirebaseRemoteConfig
    - FirebaseStorage
    - FirebaseStorageInternal
    - GoogleAppMeasurement
    - GoogleDataTransport
    - GoogleUtilities
    - GTMSessionFetcher
    - nanopb
    - PromisesObjC

EXTERNAL SOURCES:
  audioplayers_darwin:
    :path: ".symlinks/plugins/audioplayers_darwin/ios"
  cloud_firestore:
    :path: ".symlinks/plugins/cloud_firestore/ios"
  firebase_analytics:
    :path: ".symlinks/plugins/firebase_analytics/ios"
  firebase_app_check:
    :path: ".symlinks/plugins/firebase_app_check/ios"
  firebase_auth:
    :path: ".symlinks/plugins/firebase_auth/ios"
  firebase_core:
    :path: ".symlinks/plugins/firebase_core/ios"
  firebase_crashlytics:
    :path: ".symlinks/plugins/firebase_crashlytics/ios"
  firebase_dynamic_links:
    :path: ".symlinks/plugins/firebase_dynamic_links/ios"
  firebase_in_app_messaging:
    :path: ".symlinks/plugins/firebase_in_app_messaging/ios"
  firebase_messaging:
    :path: ".symlinks/plugins/firebase_messaging/ios"
  firebase_performance:
    :path: ".symlinks/plugins/firebase_performance/ios"
  firebase_remote_config:
    :path: ".symlinks/plugins/firebase_remote_config/ios"
  firebase_storage:
    :path: ".symlinks/plugins/firebase_storage/ios"
  FirebaseFirestore:
    :git: https://github.com/invertase/firestore-ios-sdk-frameworks.git
    :tag: 9.3.0
  Flutter:
    :path: Flutter
  flutter_tts:
    :path: ".symlinks/plugins/flutter_tts/ios"
  image_picker_ios:
    :path: ".symlinks/plugins/image_picker_ios/ios"
  mono_kit:
    :path: ".symlinks/plugins/mono_kit/ios"
  path_provider_ios:
    :path: ".symlinks/plugins/path_provider_ios/ios"
  url_launcher_ios:
    :path: ".symlinks/plugins/url_launcher_ios/ios"

CHECKOUT OPTIONS:
  FirebaseFirestore:
    :git: https://github.com/invertase/firestore-ios-sdk-frameworks.git
    :tag: 9.3.0

SPEC CHECKSUMS:
  audioplayers_darwin: 387322cb364026a1782298c982693b1b6aa9fa1b
  cloud_firestore: 683679d43f60e55f9318a5cb03b13637e060a99c
  Firebase: ef75abb1cdbc746d5a38f4e26c422c807b189b8c
  firebase_analytics: 76a3a81b95ea32c1f8dbd900ec751b342d26d543
  firebase_app_check: d9005cac933fd2f9bc2a0c295f93bb65df9f7a87
  firebase_auth: 3726552033ccc757ef90f046ff2bcf5a13cd34bd
  firebase_core: e66a443ec996cb5e364dc70b4cfc1809c32cbb2e
  firebase_crashlytics: 95cb124fe8ba64e9cedad8816b8aee6204f8dbeb
  firebase_dynamic_links: 6b03202f0a9aca5f748d453028c54063a1ba60cd
  firebase_in_app_messaging: 6b1fdac8726f75130f4ed442b119b14e41ce758a
  firebase_messaging: b414881f438b3b0b1bf1b0dd4b6767c4cfcf4dc7
  firebase_performance: 39e081d1a507aeac5a84dff1027a01ede988a5bd
  firebase_remote_config: 16b065982a52fd1c6246a8980e66b5fa244cd680
  firebase_storage: fcd8643b05fba82ce94633c828ebc9b945cb7c5b
  FirebaseABTesting: e59eec91fafce74a0f5261809ed0025b7e450db1
  FirebaseAnalytics: bf46f5163f44097ce2c789de0b3e6f87f1da834a
  FirebaseAppCheck: dea36639a4270b6deedc6f012302b84a3a22fe89
  FirebaseAppCheckInterop: 63119cdfc94b16c3e9421513c17f597aee2ea225
  FirebaseAuth: 9ebc3577fe0acf9092df21ac314024b70aebf21e
  FirebaseAuthInterop: 826d3d772b554e3675ceaab8c665008277ca9d1c
  FirebaseCore: c088995ece701a021a48a1348ea0174877de2a6a
  FirebaseCoreDiagnostics: aaa87098082c4d4bdd1a9557b1186d18ca85ce8c
  FirebaseCoreExtension: 2cf8c542b54ad3c2d4b746c22e8828b670dcd9b0
  FirebaseCoreInternal: a13302b0088fbf5f38b79b6ece49c2af7d3e05d6
  FirebaseCrashlytics: 65a5b349e664e986e6c7486b0a9b5ed8c11d0491
  FirebaseDynamicLinks: af0acc2d1fa117a074e84a3c06a1d9f817443490
  FirebaseFirestore: 46c6a5f8f633267208ff16e6b72d7aedc7e77c8d
  FirebaseInAppMessaging: 955fdc1506f4645984c7b02098ab29e802c3c6b8
  FirebaseInstallations: 61db1054e688d2bdc4e2b3f744c1b086e913b742
  FirebaseMessaging: 2f6e38b6133059eb796ec224104f09379298a8c3
  FirebasePerformance: 18bb0984808ec429fae69fb5f1da4a68f57605b1
  FirebaseRemoteConfig: 0a644c924b3339bcf3bc3ea253206f171672308e
  FirebaseStorage: 1414d27e15fa04f6350ef6602accef0e951c8bca
  FirebaseStorageInternal: 425c7dc7de44d9b7e07a9f8d6515bab0f1266b87
  Flutter: 50d75fe2f02b26cc09d224853bb45737f8b3214a
  flutter_tts: 0f492aab6accf87059b72354fcb4ba934304771d
  GoogleAppMeasurement: b907bdad775b6975a8108762345b2cfbf1a93c37
  GoogleDataTransport: 1c8145da7117bd68bbbed00cf304edb6a24de00f
  GoogleUtilities: e0913149f6b0625b553d70dae12b49fc62914fd1
  GTMSessionFetcher: 681175626052e03fdde7952f7e9c7a9785719506
  image_picker_ios: b786a5dcf033a8336a657191401bfdf12017dabb
  mono_kit: 67c15c1486e232d7f44ac47286933e80aa02f7a3
  nanopb: b552cce312b6c8484180ef47159bc0f65a1f0431
  path_provider_ios: 14f3d2fd28c4fdb42f44e0f751d12861c43cee02
  PromisesObjC: ab77feca74fa2823e7af4249b8326368e61014cb
  url_launcher_ios: 839c58cdb4279282219f5e248c3321761ff3c4de

PODFILE CHECKSUM: 1702f54589417c015df395f30a328b062dc4be31

COCOAPODS: 1.11.3
