PODS:
  - audioplayers_darwin (0.0.1):
    - Flutter
  - cloud_firestore (4.4.5):
    - Firebase/Firestore (= 10.6.0)
    - firebase_core
    - Flutter
    - nanopb (< 2.30910.0, >= 2.30908.0)
  - Firebase/Analytics (10.6.0):
    - Firebase/Core
  - Firebase/Auth (10.6.0):
    - Firebase/CoreOnly
    - FirebaseAuth (~> 10.6.0)
  - Firebase/Core (10.6.0):
    - Firebase/CoreOnly
    - FirebaseAnalytics (~> 10.6.0)
  - Firebase/CoreOnly (10.6.0):
    - FirebaseCore (= 10.6.0)
  - Firebase/Crashlytics (10.6.0):
    - Firebase/CoreOnly
    - FirebaseCrashlytics (~> 10.6.0)
  - Firebase/DynamicLinks (10.6.0):
    - Firebase/CoreOnly
    - FirebaseDynamicLinks (~> 10.6.0)
  - Firebase/Firestore (10.6.0):
    - Firebase/CoreOnly
    - FirebaseFirestore (~> 10.6.0)
  - Firebase/InAppMessaging (10.6.0):
    - Firebase/CoreOnly
    - FirebaseInAppMessaging (~> 10.6.0-beta)
  - Firebase/Messaging (10.6.0):
    - Firebase/CoreOnly
    - FirebaseMessaging (~> 10.6.0)
  - Firebase/Performance (10.6.0):
    - Firebase/CoreOnly
    - FirebasePerformance (~> 10.6.0)
  - Firebase/RemoteConfig (10.6.0):
    - Firebase/CoreOnly
    - FirebaseRemoteConfig (~> 10.6.0)
  - Firebase/Storage (10.6.0):
    - Firebase/CoreOnly
    - FirebaseStorage (~> 10.6.0)
  - firebase_analytics (10.1.6):
    - Firebase/Analytics (= 10.6.0)
    - firebase_core
    - Flutter
  - firebase_app_check (0.1.1-14):
    - Firebase/CoreOnly (~> 10.6.0)
    - firebase_core
    - FirebaseAppCheck (~> 10.6.0-beta)
    - Flutter
  - firebase_auth (4.3.0):
    - Firebase/Auth (= 10.6.0)
    - firebase_core
    - Flutter
  - firebase_core (2.8.0):
    - Firebase/CoreOnly (= 10.6.0)
    - Flutter
  - firebase_crashlytics (3.0.17):
    - Firebase/Crashlytics (= 10.6.0)
    - firebase_core
    - Flutter
  - firebase_dynamic_links (5.0.17):
    - Firebase/DynamicLinks (= 10.6.0)
    - firebase_core
    - Flutter
  - firebase_in_app_messaging (0.7.0-16):
    - Firebase/InAppMessaging (= 10.6.0)
    - firebase_core
    - Flutter
  - firebase_messaging (14.3.0):
    - Firebase/Messaging (= 10.6.0)
    - firebase_core
    - Flutter
  - firebase_performance (0.9.0-16):
    - Firebase/Performance (= 10.6.0)
    - firebase_core
    - Flutter
  - firebase_remote_config (3.0.15):
    - Firebase/RemoteConfig (= 10.6.0)
    - firebase_core
    - Flutter
  - firebase_storage (11.0.16):
    - Firebase/Storage (= 10.6.0)
    - firebase_core
    - Flutter
  - FirebaseABTesting (10.7.0):
    - FirebaseCore (~> 10.0)
  - FirebaseAnalytics (10.6.0):
    - FirebaseAnalytics/AdIdSupport (= 10.6.0)
    - FirebaseCore (~> 10.0)
    - FirebaseInstallations (~> 10.0)
    - GoogleUtilities/AppDelegateSwizzler (~> 7.8)
    - GoogleUtilities/MethodSwizzler (~> 7.8)
    - GoogleUtilities/Network (~> 7.8)
    - "GoogleUtilities/NSData+zlib (~> 7.8)"
    - nanopb (< 2.30910.0, >= 2.30908.0)
  - FirebaseAnalytics/AdIdSupport (10.6.0):
    - FirebaseCore (~> 10.0)
    - FirebaseInstallations (~> 10.0)
    - GoogleAppMeasurement (= 10.6.0)
    - GoogleUtilities/AppDelegateSwizzler (~> 7.8)
    - GoogleUtilities/MethodSwizzler (~> 7.8)
    - GoogleUtilities/Network (~> 7.8)
    - "GoogleUtilities/NSData+zlib (~> 7.8)"
    - nanopb (< 2.30910.0, >= 2.30908.0)
  - FirebaseAppCheck (10.6.0):
    - FirebaseCore (~> 10.0)
    - GoogleUtilities/Environment (~> 7.8)
    - PromisesObjC (~> 2.1)
  - FirebaseAppCheckInterop (10.7.0)
  - FirebaseAuth (10.6.0):
    - FirebaseCore (~> 10.0)
    - GoogleUtilities/AppDelegateSwizzler (~> 7.8)
    - GoogleUtilities/Environment (~> 7.8)
    - GTMSessionFetcher/Core (< 4.0, >= 2.1)
  - FirebaseAuthInterop (10.7.0)
  - FirebaseCore (10.6.0):
    - FirebaseCoreInternal (~> 10.0)
    - GoogleUtilities/Environment (~> 7.8)
    - GoogleUtilities/Logger (~> 7.8)
  - FirebaseCoreExtension (10.7.0):
    - FirebaseCore (~> 10.0)
  - FirebaseCoreInternal (10.7.0):
    - "GoogleUtilities/NSData+zlib (~> 7.8)"
  - FirebaseCrashlytics (10.6.0):
    - FirebaseCore (~> 10.5)
    - FirebaseInstallations (~> 10.0)
    - FirebaseSessions (~> 10.5)
    - GoogleDataTransport (~> 9.2)
    - GoogleUtilities/Environment (~> 7.8)
    - nanopb (< 2.30910.0, >= 2.30908.0)
    - PromisesObjC (~> 2.1)
  - FirebaseDynamicLinks (10.6.0):
    - FirebaseCore (~> 10.0)
  - FirebaseFirestore (10.6.0):
    - FirebaseFirestore/AutodetectLeveldb (= 10.6.0)
  - FirebaseFirestore/AutodetectLeveldb (10.6.0):
    - FirebaseFirestore/Base
    - FirebaseFirestore/WithLeveldb
  - FirebaseFirestore/Base (10.6.0)
  - FirebaseFirestore/WithLeveldb (10.6.0):
    - FirebaseFirestore/Base
  - FirebaseInAppMessaging (10.6.0-beta):
    - FirebaseABTesting (~> 10.0)
    - FirebaseCore (~> 10.0)
    - FirebaseInstallations (~> 10.0)
    - GoogleUtilities/Environment (~> 7.8)
    - nanopb (< 2.30910.0, >= 2.30908.0)
  - FirebaseInstallations (10.7.0):
    - FirebaseCore (~> 10.0)
    - GoogleUtilities/Environment (~> 7.8)
    - GoogleUtilities/UserDefaults (~> 7.8)
    - PromisesObjC (~> 2.1)
  - FirebaseMessaging (10.6.0):
    - FirebaseCore (~> 10.0)
    - FirebaseInstallations (~> 10.0)
    - GoogleDataTransport (~> 9.2)
    - GoogleUtilities/AppDelegateSwizzler (~> 7.8)
    - GoogleUtilities/Environment (~> 7.8)
    - GoogleUtilities/Reachability (~> 7.8)
    - GoogleUtilities/UserDefaults (~> 7.8)
    - nanopb (< 2.30910.0, >= 2.30908.0)
  - FirebasePerformance (10.6.0):
    - FirebaseCore (~> 10.5)
    - FirebaseInstallations (~> 10.0)
    - FirebaseRemoteConfig (~> 10.0)
    - FirebaseSessions (~> 10.5)
    - GoogleDataTransport (~> 9.2)
    - GoogleUtilities/Environment (~> 7.8)
    - GoogleUtilities/ISASwizzler (~> 7.8)
    - GoogleUtilities/MethodSwizzler (~> 7.8)
    - nanopb (< 2.30910.0, >= 2.30908.0)
  - FirebaseRemoteConfig (10.6.0):
    - FirebaseABTesting (~> 10.0)
    - FirebaseCore (~> 10.0)
    - FirebaseInstallations (~> 10.0)
    - GoogleUtilities/Environment (~> 7.8)
    - "GoogleUtilities/NSData+zlib (~> 7.8)"
  - FirebaseSessions (10.7.0):
    - FirebaseCore (~> 10.5)
    - FirebaseCoreExtension (~> 10.0)
    - FirebaseInstallations (~> 10.0)
    - GoogleDataTransport (~> 9.2)
    - GoogleUtilities/Environment (~> 7.10)
    - nanopb (< 2.30910.0, >= 2.30908.0)
    - PromisesSwift (~> 2.1)
  - FirebaseStorage (10.6.0):
    - FirebaseAppCheckInterop (~> 10.0)
    - FirebaseAuthInterop (~> 10.0)
    - FirebaseCore (~> 10.0)
    - FirebaseCoreExtension (~> 10.0)
    - GTMSessionFetcher/Core (< 4.0, >= 2.1)
  - Flutter (1.0.0)
  - flutter_tts (0.0.1):
    - Flutter
  - GoogleAppMeasurement (10.6.0):
    - GoogleAppMeasurement/AdIdSupport (= 10.6.0)
    - GoogleUtilities/AppDelegateSwizzler (~> 7.8)
    - GoogleUtilities/MethodSwizzler (~> 7.8)
    - GoogleUtilities/Network (~> 7.8)
    - "GoogleUtilities/NSData+zlib (~> 7.8)"
    - nanopb (< 2.30910.0, >= 2.30908.0)
  - GoogleAppMeasurement/AdIdSupport (10.6.0):
    - GoogleAppMeasurement/WithoutAdIdSupport (= 10.6.0)
    - GoogleUtilities/AppDelegateSwizzler (~> 7.8)
    - GoogleUtilities/MethodSwizzler (~> 7.8)
    - GoogleUtilities/Network (~> 7.8)
    - "GoogleUtilities/NSData+zlib (~> 7.8)"
    - nanopb (< 2.30910.0, >= 2.30908.0)
  - GoogleAppMeasurement/WithoutAdIdSupport (10.6.0):
    - GoogleUtilities/AppDelegateSwizzler (~> 7.8)
    - GoogleUtilities/MethodSwizzler (~> 7.8)
    - GoogleUtilities/Network (~> 7.8)
    - "GoogleUtilities/NSData+zlib (~> 7.8)"
    - nanopb (< 2.30910.0, >= 2.30908.0)
  - GoogleDataTransport (9.2.1):
    - GoogleUtilities/Environment (~> 7.7)
    - nanopb (< 2.30910.0, >= 2.30908.0)
    - PromisesObjC (< 3.0, >= 1.2)
  - GoogleUtilities/AppDelegateSwizzler (7.11.0):
    - GoogleUtilities/Environment
    - GoogleUtilities/Logger
    - GoogleUtilities/Network
  - GoogleUtilities/Environment (7.11.0):
    - PromisesObjC (< 3.0, >= 1.2)
  - GoogleUtilities/ISASwizzler (7.11.0)
  - GoogleUtilities/Logger (7.11.0):
    - GoogleUtilities/Environment
  - GoogleUtilities/MethodSwizzler (7.11.0):
    - GoogleUtilities/Logger
  - GoogleUtilities/Network (7.11.0):
    - GoogleUtilities/Logger
    - "GoogleUtilities/NSData+zlib"
    - GoogleUtilities/Reachability
  - "GoogleUtilities/NSData+zlib (7.11.0)"
  - GoogleUtilities/Reachability (7.11.0):
    - GoogleUtilities/Logger
  - GoogleUtilities/UserDefaults (7.11.0):
    - GoogleUtilities/Logger
  - GTMSessionFetcher/Core (3.1.0)
  - image_picker_ios (0.0.1):
    - Flutter
  - mono_kit (0.0.1):
    - Flutter
  - nanopb (2.30909.0):
    - nanopb/decode (= 2.30909.0)
    - nanopb/encode (= 2.30909.0)
  - nanopb/decode (2.30909.0)
  - nanopb/encode (2.30909.0)
  - path_provider_foundation (0.0.1):
    - Flutter
    - FlutterMacOS
  - PromisesObjC (2.2.0)
  - PromisesSwift (2.2.0):
    - PromisesObjC (= 2.2.0)
  - url_launcher_ios (0.0.1):
    - Flutter

DEPENDENCIES:
  - audioplayers_darwin (from `.symlinks/plugins/audioplayers_darwin/ios`)
  - cloud_firestore (from `.symlinks/plugins/cloud_firestore/ios`)
  - firebase_analytics (from `.symlinks/plugins/firebase_analytics/ios`)
  - firebase_app_check (from `.symlinks/plugins/firebase_app_check/ios`)
  - firebase_auth (from `.symlinks/plugins/firebase_auth/ios`)
  - firebase_core (from `.symlinks/plugins/firebase_core/ios`)
  - firebase_crashlytics (from `.symlinks/plugins/firebase_crashlytics/ios`)
  - firebase_dynamic_links (from `.symlinks/plugins/firebase_dynamic_links/ios`)
  - firebase_in_app_messaging (from `.symlinks/plugins/firebase_in_app_messaging/ios`)
  - firebase_messaging (from `.symlinks/plugins/firebase_messaging/ios`)
  - firebase_performance (from `.symlinks/plugins/firebase_performance/ios`)
  - firebase_remote_config (from `.symlinks/plugins/firebase_remote_config/ios`)
  - firebase_storage (from `.symlinks/plugins/firebase_storage/ios`)
  - FirebaseFirestore (from `https://github.com/invertase/firestore-ios-sdk-frameworks.git`, tag `10.6.0`)
  - Flutter (from `Flutter`)
  - flutter_tts (from `.symlinks/plugins/flutter_tts/ios`)
  - image_picker_ios (from `.symlinks/plugins/image_picker_ios/ios`)
  - mono_kit (from `.symlinks/plugins/mono_kit/ios`)
  - path_provider_foundation (from `.symlinks/plugins/path_provider_foundation/ios`)
  - url_launcher_ios (from `.symlinks/plugins/url_launcher_ios/ios`)

SPEC REPOS:
  trunk:
    - Firebase
    - FirebaseABTesting
    - FirebaseAnalytics
    - FirebaseAppCheck
    - FirebaseAppCheckInterop
    - FirebaseAuth
    - FirebaseAuthInterop
    - FirebaseCore
    - FirebaseCoreExtension
    - FirebaseCoreInternal
    - FirebaseCrashlytics
    - FirebaseDynamicLinks
    - FirebaseInAppMessaging
    - FirebaseInstallations
    - FirebaseMessaging
    - FirebasePerformance
    - FirebaseRemoteConfig
    - FirebaseSessions
    - FirebaseStorage
    - GoogleAppMeasurement
    - GoogleDataTransport
    - GoogleUtilities
    - GTMSessionFetcher
    - nanopb
    - PromisesObjC
    - PromisesSwift

EXTERNAL SOURCES:
  audioplayers_darwin:
    :path: ".symlinks/plugins/audioplayers_darwin/ios"
  cloud_firestore:
    :path: ".symlinks/plugins/cloud_firestore/ios"
  firebase_analytics:
    :path: ".symlinks/plugins/firebase_analytics/ios"
  firebase_app_check:
    :path: ".symlinks/plugins/firebase_app_check/ios"
  firebase_auth:
    :path: ".symlinks/plugins/firebase_auth/ios"
  firebase_core:
    :path: ".symlinks/plugins/firebase_core/ios"
  firebase_crashlytics:
    :path: ".symlinks/plugins/firebase_crashlytics/ios"
  firebase_dynamic_links:
    :path: ".symlinks/plugins/firebase_dynamic_links/ios"
  firebase_in_app_messaging:
    :path: ".symlinks/plugins/firebase_in_app_messaging/ios"
  firebase_messaging:
    :path: ".symlinks/plugins/firebase_messaging/ios"
  firebase_performance:
    :path: ".symlinks/plugins/firebase_performance/ios"
  firebase_remote_config:
    :path: ".symlinks/plugins/firebase_remote_config/ios"
  firebase_storage:
    :path: ".symlinks/plugins/firebase_storage/ios"
  FirebaseFirestore:
    :git: https://github.com/invertase/firestore-ios-sdk-frameworks.git
    :tag: 10.6.0
  Flutter:
    :path: Flutter
  flutter_tts:
    :path: ".symlinks/plugins/flutter_tts/ios"
  image_picker_ios:
    :path: ".symlinks/plugins/image_picker_ios/ios"
  mono_kit:
    :path: ".symlinks/plugins/mono_kit/ios"
  path_provider_foundation:
    :path: ".symlinks/plugins/path_provider_foundation/ios"
  url_launcher_ios:
    :path: ".symlinks/plugins/url_launcher_ios/ios"

CHECKOUT OPTIONS:
  FirebaseFirestore:
    :git: https://github.com/invertase/firestore-ios-sdk-frameworks.git
    :tag: 10.6.0

SPEC CHECKSUMS:
  audioplayers_darwin: 877d9a4d06331c5c374595e46e16453ac7eafa40
  cloud_firestore: ad043705a33fa70971b31cb760ce54051576aa84
  Firebase: f13680471b021937f2230ea8503c7809d8c29806
  firebase_analytics: 97d12c9683531ba3f923a798a95362e7590f0757
  firebase_app_check: aa521b54379af998c95b05dca104b7f14a9c1ecc
  firebase_auth: aa94601a07cad33a3f95c8c1ce8ba86d00ca3d9a
  firebase_core: 58542d7399889ebdbb034baa72d081e54c5c814d
  firebase_crashlytics: 5f6296621a0e8ed7d15a7499c8131fbdcf176e3b
  firebase_dynamic_links: 250c752d2c982ac98e7e01f33fdb99fe0dc84230
  firebase_in_app_messaging: 62f23362fd6a4e19cedfe82e6614db569f39d0d8
  firebase_messaging: 01a8db2962f81ea190d08db767aba2e7e805e647
  firebase_performance: b1fbf15054e1dd21f3ea225d162e196cacf200c0
  firebase_remote_config: e8717e2fbe51de4ee9ea816578c0f4225d20cc02
  firebase_storage: 12bbcaea18ebca39a1e73470440a53ea86342f14
  FirebaseABTesting: 76c8297fd026074e0366dc941d265d1be80a56d5
  FirebaseAnalytics: 9f382605c5ee412b039212f054bf7a403d9850c1
  FirebaseAppCheck: 3977b20650f45cc5f67704044e5c5e925e933c20
  FirebaseAppCheckInterop: 8e907eea79958960a8bd2058e067f31e03a7914b
  FirebaseAuth: 743e5cd568af59d6d99a91ea9300843672515cf7
  FirebaseAuthInterop: 46201190fe90ef1f581513eb0f9fa3d7820e7d6d
  FirebaseCore: fa80ad16a62d52f67274b5b88304c3a318bbf9a4
  FirebaseCoreExtension: f17247ba8c61e4d3c8d136b5e2de3cb4ac6a85b6
  FirebaseCoreInternal: 8845798510aae74703467480f71ac613788d0696
  FirebaseCrashlytics: ede07e7f433a0a2270112baf2d156b111cfb422d
  FirebaseDynamicLinks: 99c501143953e925681a37aade96bb2db34b30ca
  FirebaseFirestore: 51fc2e7a71c0b9fe263ccb56a4e996eab4b4d077
  FirebaseInAppMessaging: 1ba33ed4c88ba8384a2c239f722d8810c479ad70
  FirebaseInstallations: 59c0e4c7a816a0f76710d83f77e5369b3e45eb96
  FirebaseMessaging: fd93783258c53ae5cdb9b41bf0c51606a677f2d5
  FirebasePerformance: 015ec3614f742150244171522bdb75995dbf98b7
  FirebaseRemoteConfig: 7ef4dd164f3066c64ca1efab0f990152a6b94fc0
  FirebaseSessions: 34e5c084da010ef3802cbc062b822e513c9e6318
  FirebaseStorage: 10d4f43a4ef98e7554da72197ad52216686ea990
  Flutter: f04841e97a9d0b0a8025694d0796dd46242b2854
  flutter_tts: 0f492aab6accf87059b72354fcb4ba934304771d
  GoogleAppMeasurement: 686b48c3c895f3c55c70719041913d5d150b74f6
  GoogleDataTransport: ea169759df570f4e37bdee1623ec32a7e64e67c4
  GoogleUtilities: c2bdc4cf2ce786c4d2e6b3bcfd599a25ca78f06f
  GTMSessionFetcher: c9e714f7eec91a55641e2bab9f45fd83a219b882
  image_picker_ios: 4a8aadfbb6dc30ad5141a2ce3832af9214a705b5
  mono_kit: 67c15c1486e232d7f44ac47286933e80aa02f7a3
  nanopb: b552cce312b6c8484180ef47159bc0f65a1f0431
  path_provider_foundation: c68054786f1b4f3343858c1e1d0caaded73f0be9
  PromisesObjC: 09985d6d70fbe7878040aa746d78236e6946d2ef
  PromisesSwift: cf9eb58666a43bbe007302226e510b16c1e10959
  url_launcher_ios: 08a3dfac5fb39e8759aeb0abbd5d9480f30fc8b4

PODFILE CHECKSUM: 8d0d7b70997ddf5fcf2478811f05d6827d474043

COCOAPODS: 1.12.0
